// !$*UTF8*$!
{
	archiveVersion = 1;
	classes = {
	};
	objectVersion = 56;
	objects = {

/* Begin PBXBuildFile section */
		801A3185298DA35300D9FDC6 /* AppDelegate.swift in Sources */ = {isa = PBXBuildFile; fileRef = 801A3184298DA35300D9FDC6 /* AppDelegate.swift */; };
		801A318E298DA35400D9FDC6 /* Assets.xcassets in Resources */ = {isa = PBXBuildFile; fileRef = 801A318D298DA35400D9FDC6 /* Assets.xcassets */; };
		801A3191298DA35400D9FDC6 /* LaunchScreen.storyboard in Resources */ = {isa = PBXBuildFile; fileRef = 801A318F298DA35400D9FDC6 /* LaunchScreen.storyboard */; };
		801A3199298DA56C00D9FDC6 /* BaseTabBarController.swift in Sources */ = {isa = PBXBuildFile; fileRef = 801A3198298DA56C00D9FDC6 /* BaseTabBarController.swift */; };
		801A31A0298DAB6100D9FDC6 /* ImageManager.swift in Sources */ = {isa = PBXBuildFile; fileRef = 801A319F298DAB6100D9FDC6 /* ImageManager.swift */; };
		801A31A5298DAC0200D9FDC6 /* TodayViewController.swift in Sources */ = {isa = PBXBuildFile; fileRef = 801A31A4298DAC0200D9FDC6 /* TodayViewController.swift */; };
		801A31A7298DAC0A00D9FDC6 /* AppsViewController.swift in Sources */ = {isa = PBXBuildFile; fileRef = 801A31A6298DAC0A00D9FDC6 /* AppsViewController.swift */; };
		801A31A9298DAC1100D9FDC6 /* SearchViewController.swift in Sources */ = {isa = PBXBuildFile; fileRef = 801A31A8298DAC1100D9FDC6 /* SearchViewController.swift */; };
		801A31AB298DB4EB00D9FDC6 /* SearchResultCollectionCell.swift in Sources */ = {isa = PBXBuildFile; fileRef = 801A31AA298DB4EB00D9FDC6 /* SearchResultCollectionCell.swift */; };
/* End PBXBuildFile section */

/* Begin PBXFileReference section */
		801A3181298DA35300D9FDC6 /* AppStoreClone.app */ = {isa = PBXFileReference; explicitFileType = wrapper.application; includeInIndex = 0; path = AppStoreClone.app; sourceTree = BUILT_PRODUCTS_DIR; };
		801A3184298DA35300D9FDC6 /* AppDelegate.swift */ = {isa = PBXFileReference; lastKnownFileType = sourcecode.swift; path = AppDelegate.swift; sourceTree = "<group>"; };
		801A318D298DA35400D9FDC6 /* Assets.xcassets */ = {isa = PBXFileReference; lastKnownFileType = folder.assetcatalog; path = Assets.xcassets; sourceTree = "<group>"; };
		801A3190298DA35400D9FDC6 /* Base */ = {isa = PBXFileReference; lastKnownFileType = file.storyboard; name = Base; path = Base.lproj/LaunchScreen.storyboard; sourceTree = "<group>"; };
		801A3192298DA35400D9FDC6 /* Info.plist */ = {isa = PBXFileReference; lastKnownFileType = text.plist.xml; path = Info.plist; sourceTree = "<group>"; };
		801A3198298DA56C00D9FDC6 /* BaseTabBarController.swift */ = {isa = PBXFileReference; lastKnownFileType = sourcecode.swift; path = BaseTabBarController.swift; sourceTree = "<group>"; };
		801A319F298DAB6100D9FDC6 /* ImageManager.swift */ = {isa = PBXFileReference; lastKnownFileType = sourcecode.swift; path = ImageManager.swift; sourceTree = "<group>"; };
		801A31A4298DAC0200D9FDC6 /* TodayViewController.swift */ = {isa = PBXFileReference; lastKnownFileType = sourcecode.swift; path = TodayViewController.swift; sourceTree = "<group>"; };
		801A31A6298DAC0A00D9FDC6 /* AppsViewController.swift */ = {isa = PBXFileReference; lastKnownFileType = sourcecode.swift; path = AppsViewController.swift; sourceTree = "<group>"; };
		801A31A8298DAC1100D9FDC6 /* SearchViewController.swift */ = {isa = PBXFileReference; lastKnownFileType = sourcecode.swift; path = SearchViewController.swift; sourceTree = "<group>"; };
		801A31AA298DB4EB00D9FDC6 /* SearchResultCollectionCell.swift */ = {isa = PBXFileReference; lastKnownFileType = sourcecode.swift; path = SearchResultCollectionCell.swift; sourceTree = "<group>"; };
/* End PBXFileReference section */

/* Begin PBXFrameworksBuildPhase section */
		801A317E298DA35300D9FDC6 /* Frameworks */ = {
			isa = PBXFrameworksBuildPhase;
			buildActionMask = 2147483647;
			files = (
			);
			runOnlyForDeploymentPostprocessing = 0;
		};
/* End PBXFrameworksBuildPhase section */

/* Begin PBXGroup section */
		801A3178298DA35300D9FDC6 = {
			isa = PBXGroup;
			children = (
				801A3183298DA35300D9FDC6 /* AppStoreClone */,
				801A3182298DA35300D9FDC6 /* Products */,
			);
			sourceTree = "<group>";
		};
		801A3182298DA35300D9FDC6 /* Products */ = {
			isa = PBXGroup;
			children = (
				801A3181298DA35300D9FDC6 /* AppStoreClone.app */,
			);
			name = Products;
			sourceTree = "<group>";
		};
		801A3183298DA35300D9FDC6 /* AppStoreClone */ = {
			isa = PBXGroup;
			children = (
				801A319B298DAA2400D9FDC6 /* App */,
				801A319A298DA9FD00D9FDC6 /* Components */,
				801A319E298DAB1C00D9FDC6 /* Managers */,
				801A319D298DAA2F00D9FDC6 /* Resources */,
				801A319C298DAA2A00D9FDC6 /* Scenes */,
			);
			path = AppStoreClone;
			sourceTree = "<group>";
		};
		801A319A298DA9FD00D9FDC6 /* Components */ = {
			isa = PBXGroup;
			children = (
				801A31AA298DB4EB00D9FDC6 /* SearchResultCollectionCell.swift */,
			);
			path = Components;
			sourceTree = "<group>";
		};
		801A319B298DAA2400D9FDC6 /* App */ = {
			isa = PBXGroup;
			children = (
				801A3184298DA35300D9FDC6 /* AppDelegate.swift */,
			);
			path = App;
			sourceTree = "<group>";
		};
		801A319C298DAA2A00D9FDC6 /* Scenes */ = {
			isa = PBXGroup;
			children = (
				801A3198298DA56C00D9FDC6 /* BaseTabBarController.swift */,
				801A31A2298DABDD00D9FDC6 /* Apps */,
				801A31A3298DABE100D9FDC6 /* Search */,
				801A31A1298DABD000D9FDC6 /* Today */,
			);
			path = Scenes;
			sourceTree = "<group>";
		};
		801A319D298DAA2F00D9FDC6 /* Resources */ = {
			isa = PBXGroup;
			children = (
				801A318D298DA35400D9FDC6 /* Assets.xcassets */,
				801A3192298DA35400D9FDC6 /* Info.plist */,
				801A318F298DA35400D9FDC6 /* LaunchScreen.storyboard */,
			);
			path = Resources;
			sourceTree = "<group>";
		};
		801A319E298DAB1C00D9FDC6 /* Managers */ = {
			isa = PBXGroup;
			children = (
				801A319F298DAB6100D9FDC6 /* ImageManager.swift */,
			);
			path = Managers;
			sourceTree = "<group>";
		};
		801A31A1298DABD000D9FDC6 /* Today */ = {
			isa = PBXGroup;
			children = (
				801A31A4298DAC0200D9FDC6 /* TodayViewController.swift */,
			);
			path = Today;
			sourceTree = "<group>";
		};
		801A31A2298DABDD00D9FDC6 /* Apps */ = {
			isa = PBXGroup;
			children = (
				801A31A6298DAC0A00D9FDC6 /* AppsViewController.swift */,
			);
			path = Apps;
			sourceTree = "<group>";
		};
		801A31A3298DABE100D9FDC6 /* Search */ = {
			isa = PBXGroup;
			children = (
				801A31A8298DAC1100D9FDC6 /* SearchViewController.swift */,
			);
			path = Search;
			sourceTree = "<group>";
		};
/* End PBXGroup section */

/* Begin PBXNativeTarget section */
		801A3180298DA35300D9FDC6 /* AppStoreClone */ = {
			isa = PBXNativeTarget;
			buildConfigurationList = 801A3195298DA35400D9FDC6 /* Build configuration list for PBXNativeTarget "AppStoreClone" */;
			buildPhases = (
				801A317D298DA35300D9FDC6 /* Sources */,
				801A317E298DA35300D9FDC6 /* Frameworks */,
				801A317F298DA35300D9FDC6 /* Resources */,
			);
			buildRules = (
			);
			dependencies = (
			);
			name = AppStoreClone;
			productName = AppStoreClone;
			productReference = 801A3181298DA35300D9FDC6 /* AppStoreClone.app */;
			productType = "com.apple.product-type.application";
		};
/* End PBXNativeTarget section */

/* Begin PBXProject section */
		801A3179298DA35300D9FDC6 /* Project object */ = {
			isa = PBXProject;
			attributes = {
				BuildIndependentTargetsInParallel = 1;
				LastSwiftUpdateCheck = 1410;
				LastUpgradeCheck = 1410;
				TargetAttributes = {
					801A3180298DA35300D9FDC6 = {
						CreatedOnToolsVersion = 14.1;
					};
				};
			};
			buildConfigurationList = 801A317C298DA35300D9FDC6 /* Build configuration list for PBXProject "AppStoreClone" */;
			compatibilityVersion = "Xcode 14.0";
			developmentRegion = en;
			hasScannedForEncodings = 0;
			knownRegions = (
				en,
				Base,
			);
			mainGroup = 801A3178298DA35300D9FDC6;
			productRefGroup = 801A3182298DA35300D9FDC6 /* Products */;
			projectDirPath = "";
			projectRoot = "";
			targets = (
				801A3180298DA35300D9FDC6 /* AppStoreClone */,
			);
		};
/* End PBXProject section */

/* Begin PBXResourcesBuildPhase section */
		801A317F298DA35300D9FDC6 /* Resources */ = {
			isa = PBXResourcesBuildPhase;
			buildActionMask = 2147483647;
			files = (
				801A3191298DA35400D9FDC6 /* LaunchScreen.storyboard in Resources */,
				801A318E298DA35400D9FDC6 /* Assets.xcassets in Resources */,
			);
			runOnlyForDeploymentPostprocessing = 0;
		};
/* End PBXResourcesBuildPhase section */

/* Begin PBXSourcesBuildPhase section */
		801A317D298DA35300D9FDC6 /* Sources */ = {
			isa = PBXSourcesBuildPhase;
			buildActionMask = 2147483647;
			files = (
				801A3199298DA56C00D9FDC6 /* BaseTabBarController.swift in Sources */,
				801A31A9298DAC1100D9FDC6 /* SearchViewController.swift in Sources */,
				801A31A7298DAC0A00D9FDC6 /* AppsViewController.swift in Sources */,
				801A31A5298DAC0200D9FDC6 /* TodayViewController.swift in Sources */,
				801A3185298DA35300D9FDC6 /* AppDelegate.swift in Sources */,
				801A31AB298DB4EB00D9FDC6 /* SearchResultCollectionCell.swift in Sources */,
				801A31A0298DAB6100D9FDC6 /* ImageManager.swift in Sources */,
			);
			runOnlyForDeploymentPostprocessing = 0;
		};
/* End PBXSourcesBuildPhase section */

/* Begin PBXVariantGroup section */
		801A318F298DA35400D9FDC6 /* LaunchScreen.storyboard */ = {
			isa = PBXVariantGroup;
			children = (
				801A3190298DA35400D9FDC6 /* Base */,
			);
			name = LaunchScreen.storyboard;
			sourceTree = "<group>";
		};
/* End PBXVariantGroup section */

/* Begin XCBuildConfiguration section */
		801A3193298DA35400D9FDC6 /* Debug */ = {
			isa = XCBuildConfiguration;
			buildSettings = {
				ALWAYS_SEARCH_USER_PATHS = NO;
				CLANG_ANALYZER_NONNULL = YES;
				CLANG_ANALYZER_NUMBER_OBJECT_CONVERSION = YES_AGGRESSIVE;
				CLANG_CXX_LANGUAGE_STANDARD = "gnu++20";
				CLANG_ENABLE_MODULES = YES;
				CLANG_ENABLE_OBJC_ARC = YES;
				CLANG_ENABLE_OBJC_WEAK = YES;
				CLANG_WARN_BLOCK_CAPTURE_AUTORELEASING = YES;
				CLANG_WARN_BOOL_CONVERSION = YES;
				CLANG_WARN_COMMA = YES;
				CLANG_WARN_CONSTANT_CONVERSION = YES;
				CLANG_WARN_DEPRECATED_OBJC_IMPLEMENTATIONS = YES;
				CLANG_WARN_DIRECT_OBJC_ISA_USAGE = YES_ERROR;
				CLANG_WARN_DOCUMENTATION_COMMENTS = YES;
				CLANG_WARN_EMPTY_BODY = YES;
				CLANG_WARN_ENUM_CONVERSION = YES;
				CLANG_WARN_INFINITE_RECURSION = YES;
				CLANG_WARN_INT_CONVERSION = YES;
				CLANG_WARN_NON_LITERAL_NULL_CONVERSION = YES;
				CLANG_WARN_OBJC_IMPLICIT_RETAIN_SELF = YES;
				CLANG_WARN_OBJC_LITERAL_CONVERSION = YES;
				CLANG_WARN_OBJC_ROOT_CLASS = YES_ERROR;
				CLANG_WARN_QUOTED_INCLUDE_IN_FRAMEWORK_HEADER = YES;
				CLANG_WARN_RANGE_LOOP_ANALYSIS = YES;
				CLANG_WARN_STRICT_PROTOTYPES = YES;
				CLANG_WARN_SUSPICIOUS_MOVE = YES;
				CLANG_WARN_UNGUARDED_AVAILABILITY = YES_AGGRESSIVE;
				CLANG_WARN_UNREACHABLE_CODE = YES;
				CLANG_WARN__DUPLICATE_METHOD_MATCH = YES;
				COPY_PHASE_STRIP = NO;
				DEBUG_INFORMATION_FORMAT = dwarf;
				ENABLE_STRICT_OBJC_MSGSEND = YES;
				ENABLE_TESTABILITY = YES;
				GCC_C_LANGUAGE_STANDARD = gnu11;
				GCC_DYNAMIC_NO_PIC = NO;
				GCC_NO_COMMON_BLOCKS = YES;
				GCC_OPTIMIZATION_LEVEL = 0;
				GCC_PREPROCESSOR_DEFINITIONS = (
					"DEBUG=1",
					"$(inherited)",
				);
				GCC_WARN_64_TO_32_BIT_CONVERSION = YES;
				GCC_WARN_ABOUT_RETURN_TYPE = YES_ERROR;
				GCC_WARN_UNDECLARED_SELECTOR = YES;
				GCC_WARN_UNINITIALIZED_AUTOS = YES_AGGRESSIVE;
				GCC_WARN_UNUSED_FUNCTION = YES;
				GCC_WARN_UNUSED_VARIABLE = YES;
				IPHONEOS_DEPLOYMENT_TARGET = 13.0;
				MTL_ENABLE_DEBUG_INFO = INCLUDE_SOURCE;
				MTL_FAST_MATH = YES;
				ONLY_ACTIVE_ARCH = YES;
				SDKROOT = iphoneos;
				SWIFT_ACTIVE_COMPILATION_CONDITIONS = DEBUG;
				SWIFT_OPTIMIZATION_LEVEL = "-Onone";
			};
			name = Debug;
		};
		801A3194298DA35400D9FDC6 /* Release */ = {
			isa = XCBuildConfiguration;
			buildSettings = {
				ALWAYS_SEARCH_USER_PATHS = NO;
				CLANG_ANALYZER_NONNULL = YES;
				CLANG_ANALYZER_NUMBER_OBJECT_CONVERSION = YES_AGGRESSIVE;
				CLANG_CXX_LANGUAGE_STANDARD = "gnu++20";
				CLANG_ENABLE_MODULES = YES;
				CLANG_ENABLE_OBJC_ARC = YES;
				CLANG_ENABLE_OBJC_WEAK = YES;
				CLANG_WARN_BLOCK_CAPTURE_AUTORELEASING = YES;
				CLANG_WARN_BOOL_CONVERSION = YES;
				CLANG_WARN_COMMA = YES;
				CLANG_WARN_CONSTANT_CONVERSION = YES;
				CLANG_WARN_DEPRECATED_OBJC_IMPLEMENTATIONS = YES;
				CLANG_WARN_DIRECT_OBJC_ISA_USAGE = YES_ERROR;
				CLANG_WARN_DOCUMENTATION_COMMENTS = YES;
				CLANG_WARN_EMPTY_BODY = YES;
				CLANG_WARN_ENUM_CONVERSION = YES;
				CLANG_WARN_INFINITE_RECURSION = YES;
				CLANG_WARN_INT_CONVERSION = YES;
				CLANG_WARN_NON_LITERAL_NULL_CONVERSION = YES;
				CLANG_WARN_OBJC_IMPLICIT_RETAIN_SELF = YES;
				CLANG_WARN_OBJC_LITERAL_CONVERSION = YES;
				CLANG_WARN_OBJC_ROOT_CLASS = YES_ERROR;
				CLANG_WARN_QUOTED_INCLUDE_IN_FRAMEWORK_HEADER = YES;
				CLANG_WARN_RANGE_LOOP_ANALYSIS = YES;
				CLANG_WARN_STRICT_PROTOTYPES = YES;
				CLANG_WARN_SUSPICIOUS_MOVE = YES;
				CLANG_WARN_UNGUARDED_AVAILABILITY = YES_AGGRESSIVE;
				CLANG_WARN_UNREACHABLE_CODE = YES;
				CLANG_WARN__DUPLICATE_METHOD_MATCH = YES;
				COPY_PHASE_STRIP = NO;
				DEBUG_INFORMATION_FORMAT = "dwarf-with-dsym";
				ENABLE_NS_ASSERTIONS = NO;
				ENABLE_STRICT_OBJC_MSGSEND = YES;
				GCC_C_LANGUAGE_STANDARD = gnu11;
				GCC_NO_COMMON_BLOCKS = YES;
				GCC_WARN_64_TO_32_BIT_CONVERSION = YES;
				GCC_WARN_ABOUT_RETURN_TYPE = YES_ERROR;
				GCC_WARN_UNDECLARED_SELECTOR = YES;
				GCC_WARN_UNINITIALIZED_AUTOS = YES_AGGRESSIVE;
				GCC_WARN_UNUSED_FUNCTION = YES;
				GCC_WARN_UNUSED_VARIABLE = YES;
				IPHONEOS_DEPLOYMENT_TARGET = 13.0;
				MTL_ENABLE_DEBUG_INFO = NO;
				MTL_FAST_MATH = YES;
				SDKROOT = iphoneos;
				SWIFT_COMPILATION_MODE = wholemodule;
				SWIFT_OPTIMIZATION_LEVEL = "-O";
				VALIDATE_PRODUCT = YES;
			};
			name = Release;
		};
		801A3196298DA35400D9FDC6 /* Debug */ = {
			isa = XCBuildConfiguration;
			buildSettings = {
				ASSETCATALOG_COMPILER_APPICON_NAME = AppIcon;
				ASSETCATALOG_COMPILER_GLOBAL_ACCENT_COLOR_NAME = AccentColor;
				CODE_SIGN_STYLE = Automatic;
				CURRENT_PROJECT_VERSION = 1;
				DEVELOPMENT_TEAM = 7SUU5BU5Q7;
				GENERATE_INFOPLIST_FILE = YES;
				INFOPLIST_FILE = AppStoreClone/Resources/Info.plist;
				INFOPLIST_KEY_UIApplicationSupportsIndirectInputEvents = YES;
				INFOPLIST_KEY_UILaunchStoryboardName = LaunchScreen;
				INFOPLIST_KEY_UISupportedInterfaceOrientations = UIInterfaceOrientationPortrait;
				INFOPLIST_KEY_UISupportedInterfaceOrientations_iPad = "UIInterfaceOrientationLandscapeLeft UIInterfaceOrientationLandscapeRight UIInterfaceOrientationPortrait UIInterfaceOrientationPortraitUpsideDown";
				IPHONEOS_DEPLOYMENT_TARGET = 13.0;
				LD_RUNPATH_SEARCH_PATHS = (
					"$(inherited)",
					"@executable_path/Frameworks",
				);
				MARKETING_VERSION = 1.0;
				PRODUCT_BUNDLE_IDENTIFIER = com.umutcanarslan.AppStoreClone;
				PRODUCT_NAME = "$(TARGET_NAME)";
				SUPPORTED_PLATFORMS = "iphoneos iphonesimulator";
				SUPPORTS_MACCATALYST = NO;
				SUPPORTS_MAC_DESIGNED_FOR_IPHONE_IPAD = NO;
				SWIFT_EMIT_LOC_STRINGS = YES;
				SWIFT_VERSION = 4.2;
				TARGETED_DEVICE_FAMILY = 1;
			};
			name = Debug;
		};
		801A3197298DA35400D9FDC6 /* Release */ = {
			isa = XCBuildConfiguration;
			buildSettings = {
				ASSETCATALOG_COMPILER_APPICON_NAME = AppIcon;
				ASSETCATALOG_COMPILER_GLOBAL_ACCENT_COLOR_NAME = AccentColor;
				CODE_SIGN_STYLE = Automatic;
				CURRENT_PROJECT_VERSION = 1;
				DEVELOPMENT_TEAM = 7SUU5BU5Q7;
				GENERATE_INFOPLIST_FILE = YES;
				INFOPLIST_FILE = AppStoreClone/Resources/Info.plist;
				INFOPLIST_KEY_UIApplicationSupportsIndirectInputEvents = YES;
				INFOPLIST_KEY_UILaunchStoryboardName = LaunchScreen;
				INFOPLIST_KEY_UISupportedInterfaceOrientations = UIInterfaceOrientationPortrait;
				INFOPLIST_KEY_UISupportedInterfaceOrientations_iPad = "UIInterfaceOrientationLandscapeLeft UIInterfaceOrientationLandscapeRight UIInterfaceOrientationPortrait UIInterfaceOrientationPortraitUpsideDown";
				IPHONEOS_DEPLOYMENT_TARGET = 13.0;
				LD_RUNPATH_SEARCH_PATHS = (
					"$(inherited)",
					"@executable_path/Frameworks",
				);
				MARKETING_VERSION = 1.0;
				PRODUCT_BUNDLE_IDENTIFIER = com.umutcanarslan.AppStoreClone;
				PRODUCT_NAME = "$(TARGET_NAME)";
				SUPPORTED_PLATFORMS = "iphoneos iphonesimulator";
				SUPPORTS_MACCATALYST = NO;
				SUPPORTS_MAC_DESIGNED_FOR_IPHONE_IPAD = NO;
				SWIFT_EMIT_LOC_STRINGS = YES;
				SWIFT_VERSION = 4.2;
				TARGETED_DEVICE_FAMILY = 1;
			};
			name = Release;
		};
/* End XCBuildConfiguration section */

/* Begin XCConfigurationList section */
		801A317C298DA35300D9FDC6 /* Build configuration list for PBXProject "AppStoreClone" */ = {
			isa = XCConfigurationList;
			buildConfigurations = (
				801A3193298DA35400D9FDC6 /* Debug */,
				801A3194298DA35400D9FDC6 /* Release */,
			);
			defaultConfigurationIsVisible = 0;
			defaultConfigurationName = Release;
		};
		801A3195298DA35400D9FDC6 /* Build configuration list for PBXNativeTarget "AppStoreClone" */ = {
			isa = XCConfigurationList;
			buildConfigurations = (
				801A3196298DA35400D9FDC6 /* Debug */,
				801A3197298DA35400D9FDC6 /* Release */,
			);
			defaultConfigurationIsVisible = 0;
			defaultConfigurationName = Release;
		};
/* End XCConfigurationList section */
	};
	rootObject = 801A3179298DA35300D9FDC6 /* Project object */;
}
